
Microsoft Visual Studio Solution File, Format Version 12.00
# Visual Studio Version 17
VisualStudioVersion = 17.11.35303.130
MinimumVisualStudioVersion = 10.0.40219.1
Project("{9A19103F-16F7-4668-BE54-9A1E7A4F7556}") = "CrudPessoa", "CrudPessoa.csproj", "{F377A4FC-84A1-4494-AE96-C03A786174D6}"
EndProject
Global
	GlobalSection(SolutionConfigurationPlatforms) = preSolution
		Debug|Any CPU = Debug|Any CPU
		Release|Any CPU = Release|Any CPU
	EndGlobalSection
	GlobalSection(ProjectConfigurationPlatforms) = postSolution
		{F377A4FC-84A1-4494-AE96-C03A786174D6}.Debug|Any CPU.ActiveCfg = Debug|Any CPU
		{F377A4FC-84A1-4494-AE96-C03A786174D6}.Debug|Any CPU.Build.0 = Debug|Any CPU
		{F377A4FC-84A1-4494-AE96-C03A786174D6}.Release|Any CPU.ActiveCfg = Release|Any CPU
		{F377A4FC-84A1-4494-AE96-C03A786174D6}.Release|Any CPU.Build.0 = Release|Any CPU
	EndGlobalSection
	GlobalSection(SolutionProperties) = preSolution
		HideSolutionNode = FALSE
	EndGlobalSection
	GlobalSection(ExtensibilityGlobals) = postSolution
		SolutionGuid = {760EBCC8-6E02-47CD-9C5E-1A41807C0113}
	EndGlobalSection
EndGlobal
